PODS:
  - hpple (0.2.0)
  - WKZombie (0.9.0):
    - hpple (= 0.2.0)
    - WKZombie/HTML (= 0.9.0)
    - WKZombie/JSON (= 0.9.0)
  - WKZombie/HTML (0.9.0):
    - hpple (= 0.2.0)
  - WKZombie/JSON (0.9.0):
    - hpple (= 0.2.0)

DEPENDENCIES:
  - WKZombie (from `../`)

EXTERNAL SOURCES:
  WKZombie:
    :path: ../

SPEC CHECKSUMS:
  hpple: 3b765f96fc2cd56ad1a49aef6f7be5cb2aa64b57
  WKZombie: ee48780e7da6a8f6347bf96c49eaf87f25629696

COCOAPODS: 0.39.0
