PODS:
  - hpple (0.2.0)
  - WKZombie (0.9.2):
    - hpple (= 0.2.0)

DEPENDENCIES:
  - WKZombie (from `../../`)

EXTERNAL SOURCES:
  WKZombie:
    :path: ../../

SPEC CHECKSUMS:
  hpple: 3b765f96fc2cd56ad1a49aef6f7be5cb2aa64b57
  WKZombie: ebe647ee39ac69dc9c9a4ef95f03df2f0140b0e2

COCOAPODS: 0.39.0
